
Microsoft Visual Studio Solution File, Format Version 12.00
# Visual Studio Version 17
VisualStudioVersion = 17.11.35312.102
MinimumVisualStudioVersion = 10.0.40219.1
Project("{9A19103F-16F7-4668-BE54-9A1E7A4F7556}") = "Frosty", "Frosty.csproj", "{9602A07B-3D5A-4C21-9BB9-9DB93FA09147}"
EndProject
Global
	GlobalSection(SolutionConfigurationPlatforms) = preSolution
		Debug|Any CPU = Debug|Any CPU
		Release|Any CPU = Release|Any CPU
	EndGlobalSection
	GlobalSection(ProjectConfigurationPlatforms) = postSolution
		{9602A07B-3D5A-4C21-9BB9-9DB93FA09147}.Debug|Any CPU.ActiveCfg = Debug|Any CPU
		{9602A07B-3D5A-4C21-9BB9-9DB93FA09147}.Debug|Any CPU.Build.0 = Debug|Any CPU
		{9602A07B-3D5A-4C21-9BB9-9DB93FA09147}.Release|Any CPU.ActiveCfg = Release|Any CPU
		{9602A07B-3D5A-4C21-9BB9-9DB93FA09147}.Release|Any CPU.Build.0 = Release|Any CPU
	EndGlobalSection
	GlobalSection(SolutionProperties) = preSolution
		HideSolutionNode = FALSE
	EndGlobalSection
	GlobalSection(ExtensibilityGlobals) = postSolution
		SolutionGuid = {5312C53C-C9F1-4BF6-8016-DF73D6F2DE4F}
	EndGlobalSection
EndGlobal
